
Microsoft Visual Studio Solution File, Format Version 12.00
# Visual Studio 15
VisualStudioVersion = 15.0.27703.2035
MinimumVisualStudioVersion = 10.0.40219.1
Project("{FAE04EC0-301F-11D3-BF4B-00C04F79EFBC}") = "Droid", "Droid\Droid.csproj", "{51DE8551-422E-417E-A1D1-5B196DC59801}"
EndProject
Project("{FAE04EC0-301F-11D3-BF4B-00C04F79EFBC}") = "Core", "Core\Core.csproj", "{39528E0A-FFF2-4D2E-903F-29DD7159969D}"
EndProject
Global
	GlobalSection(SolutionConfigurationPlatforms) = preSolution
		Debug|Any CPU = Debug|Any CPU
		Release|Any CPU = Release|Any CPU
	EndGlobalSection
	GlobalSection(ProjectConfigurationPlatforms) = postSolution
		{51DE8551-422E-417E-A1D1-5B196DC59801}.Debug|Any CPU.ActiveCfg = Debug|Any CPU
		{51DE8551-422E-417E-A1D1-5B196DC59801}.Debug|Any CPU.Build.0 = Debug|Any CPU
		{51DE8551-422E-417E-A1D1-5B196DC59801}.Debug|Any CPU.Deploy.0 = Debug|Any CPU
		{51DE8551-422E-417E-A1D1-5B196DC59801}.Release|Any CPU.ActiveCfg = Release|Any CPU
		{51DE8551-422E-417E-A1D1-5B196DC59801}.Release|Any CPU.Build.0 = Release|Any CPU
		{51DE8551-422E-417E-A1D1-5B196DC59801}.Release|Any CPU.Deploy.0 = Release|Any CPU
		{39528E0A-FFF2-4D2E-903F-29DD7159969D}.Debug|Any CPU.ActiveCfg = Debug|Any CPU
		{39528E0A-FFF2-4D2E-903F-29DD7159969D}.Debug|Any CPU.Build.0 = Debug|Any CPU
		{39528E0A-FFF2-4D2E-903F-29DD7159969D}.Release|Any CPU.ActiveCfg = Release|Any CPU
		{39528E0A-FFF2-4D2E-903F-29DD7159969D}.Release|Any CPU.Build.0 = Release|Any CPU
	EndGlobalSection
	GlobalSection(SolutionProperties) = preSolution
		HideSolutionNode = FALSE
	EndGlobalSection
	GlobalSection(ExtensibilityGlobals) = postSolution
		SolutionGuid = {23DC2D5F-FE1F-4696-9E6E-C3283CB801D2}
	EndGlobalSection
EndGlobal
